
Microsoft Visual Studio Solution File, Format Version 12.00
# Visual Studio Version 17
VisualStudioVersion = 17.5.33516.290
MinimumVisualStudioVersion = 10.0.40219.1
Project("{9A19103F-16F7-4668-BE54-9A1E7A4F7556}") = "BusinessLogic", "BusinessLogic\BusinessLogic.csproj", "{ECD83A5F-0970-4FAC-AC5F-C9CA5CBC1768}"
EndProject
Project("{9A19103F-16F7-4668-BE54-9A1E7A4F7556}") = "WebApi", "WebApi\WebApi.csproj", "{84C2D396-22FF-4DA6-85B6-A7272D28DA44}"
EndProject
Global
	GlobalSection(SolutionConfigurationPlatforms) = preSolution
		Debug|Any CPU = Debug|Any CPU
		Release|Any CPU = Release|Any CPU
	EndGlobalSection
	GlobalSection(ProjectConfigurationPlatforms) = postSolution
		{ECD83A5F-0970-4FAC-AC5F-C9CA5CBC1768}.Debug|Any CPU.ActiveCfg = Debug|Any CPU
		{ECD83A5F-0970-4FAC-AC5F-C9CA5CBC1768}.Debug|Any CPU.Build.0 = Debug|Any CPU
		{ECD83A5F-0970-4FAC-AC5F-C9CA5CBC1768}.Release|Any CPU.ActiveCfg = Release|Any CPU
		{ECD83A5F-0970-4FAC-AC5F-C9CA5CBC1768}.Release|Any CPU.Build.0 = Release|Any CPU
		{84C2D396-22FF-4DA6-85B6-A7272D28DA44}.Debug|Any CPU.ActiveCfg = Debug|Any CPU
		{84C2D396-22FF-4DA6-85B6-A7272D28DA44}.Debug|Any CPU.Build.0 = Debug|Any CPU
		{84C2D396-22FF-4DA6-85B6-A7272D28DA44}.Release|Any CPU.ActiveCfg = Release|Any CPU
		{84C2D396-22FF-4DA6-85B6-A7272D28DA44}.Release|Any CPU.Build.0 = Release|Any CPU
	EndGlobalSection
	GlobalSection(SolutionProperties) = preSolution
		HideSolutionNode = FALSE
	EndGlobalSection
	GlobalSection(ExtensibilityGlobals) = postSolution
		SolutionGuid = {E0B6B74A-1B10-4736-A91B-946E4ECDD313}
	EndGlobalSection
EndGlobal
